
Microsoft Visual Studio Solution File, Format Version 12.00
# Visual Studio Version 16
VisualStudioVersion = 16.0.30204.135
MinimumVisualStudioVersion = 10.0.40219.1
Project("{FAE04EC0-301F-11D3-BF4B-00C04F79EFBC}") = "ASPNetCoreRazorPages", "ASPNetCoreRazorPages\ASPNetCoreRazorPages.csproj", "{20604B94-D42F-4C07-AE08-BF854EC5EFDB}"
EndProject
Global
	GlobalSection(SolutionConfigurationPlatforms) = preSolution
		Debug|Any CPU = Debug|Any CPU
		Release|Any CPU = Release|Any CPU
	EndGlobalSection
	GlobalSection(ProjectConfigurationPlatforms) = postSolution
		{20604B94-D42F-4C07-AE08-BF854EC5EFDB}.Debug|Any CPU.ActiveCfg = Debug|Any CPU
		{20604B94-D42F-4C07-AE08-BF854EC5EFDB}.Debug|Any CPU.Build.0 = Debug|Any CPU
		{20604B94-D42F-4C07-AE08-BF854EC5EFDB}.Release|Any CPU.ActiveCfg = Release|Any CPU
		{20604B94-D42F-4C07-AE08-BF854EC5EFDB}.Release|Any CPU.Build.0 = Release|Any CPU
	EndGlobalSection
	GlobalSection(SolutionProperties) = preSolution
		HideSolutionNode = FALSE
	EndGlobalSection
	GlobalSection(ExtensibilityGlobals) = postSolution
		SolutionGuid = {522E72DA-029F-416C-B23E-049A27EEDC80}
	EndGlobalSection
EndGlobal
